dependencies:
- name: postgresql
  repository: file://../postgresql
  version: 10.13.10
- name: minio
  repository: file://../minio
  version: 9.2.1
- name: manager
  repository: file://../manager
  version: 0.1.0
- name: drift-report-plugin
  repository: file://../drift-report-plugin
  version: 0.1.0
- name: shell-ui
  repository: file://../shell-ui
  version: 0.1.0
- name: profiler
  repository: file://../profiler
  version: 0.1.0
digest: sha256:431800adf2d921cf5bccef3f7a42e519521dabcd00e61ff5f3a698478078ad5a
generated: "2021-12-03T11:28:43.011665+03:00"
